// !$*UTF8*$!
{
	archiveVersion = 1;
	classes = {
	};
	objectVersion = 46;
	objects = {

/* Begin PBXBuildFile section */
		6B00401619305C3300522267 /* Vertex.m in Sources */ = {isa = PBXBuildFile; fileRef = 6B00401519305C3300522267 /* Vertex.m */; };
		6B00401919305FA500522267 /* Dot.m in Sources */ = {isa = PBXBuildFile; fileRef = 6B00401819305FA500522267 /* Dot.m */; };
		6B00401C193062FB00522267 /* Stroke.m in Sources */ = {isa = PBXBuildFile; fileRef = 6B00401B193062FB00522267 /* Stroke.m */; };
		6B00401F193068E600522267 /* CanvasView.m in Sources */ = {isa = PBXBuildFile; fileRef = 6B00401E193068E600522267 /* CanvasView.m */; };
		6B00402319306B5000522267 /* MarkRenderer.m in Sources */ = {isa = PBXBuildFile; fileRef = 6B00402219306B5000522267 /* MarkRenderer.m */; };
		6B004029193083C300522267 /* MarkEnumerator.m in Sources */ = {isa = PBXBuildFile; fileRef = 6B004028193083C300522267 /* MarkEnumerator.m */; };
		6B004032193085D700522267 /* NSMutableArray+Stack.m in Sources */ = {isa = PBXBuildFile; fileRef = 6B004031193085D700522267 /* NSMutableArray+Stack.m */; };
		6B0DAE2319304C280094FD87 /* Foundation.framework in Frameworks */ = {isa = PBXBuildFile; fileRef = 6B0DAE2219304C280094FD87 /* Foundation.framework */; };
		6B0DAE2519304C280094FD87 /* CoreGraphics.framework in Frameworks */ = {isa = PBXBuildFile; fileRef = 6B0DAE2419304C280094FD87 /* CoreGraphics.framework */; };
		6B0DAE2719304C280094FD87 /* UIKit.framework in Frameworks */ = {isa = PBXBuildFile; fileRef = 6B0DAE2619304C280094FD87 /* UIKit.framework */; };
		6B0DAE2D19304C280094FD87 /* InfoPlist.strings in Resources */ = {isa = PBXBuildFile; fileRef = 6B0DAE2B19304C280094FD87 /* InfoPlist.strings */; };
		6B0DAE2F19304C280094FD87 /* main.m in Sources */ = {isa = PBXBuildFile; fileRef = 6B0DAE2E19304C280094FD87 /* main.m */; };
		6B0DAE3319304C280094FD87 /* AppDelegate.m in Sources */ = {isa = PBXBuildFile; fileRef = 6B0DAE3219304C280094FD87 /* AppDelegate.m */; };
		6B0DAE3519304C280094FD87 /* Images.xcassets in Resources */ = {isa = PBXBuildFile; fileRef = 6B0DAE3419304C280094FD87 /* Images.xcassets */; };
		6B0DAE3C19304C290094FD87 /* XCTest.framework in Frameworks */ = {isa = PBXBuildFile; fileRef = 6B0DAE3B19304C290094FD87 /* XCTest.framework */; };
		6B0DAE3D19304C290094FD87 /* Foundation.framework in Frameworks */ = {isa = PBXBuildFile; fileRef = 6B0DAE2219304C280094FD87 /* Foundation.framework */; };
		6B0DAE3E19304C290094FD87 /* UIKit.framework in Frameworks */ = {isa = PBXBuildFile; fileRef = 6B0DAE2619304C280094FD87 /* UIKit.framework */; };
		6B0DAE4619304C290094FD87 /* InfoPlist.strings in Resources */ = {isa = PBXBuildFile; fileRef = 6B0DAE4419304C290094FD87 /* InfoPlist.strings */; };
		6B0DAE4819304C290094FD87 /* TouchPainterTests.m in Sources */ = {isa = PBXBuildFile; fileRef = 6B0DAE4719304C290094FD87 /* TouchPainterTests.m */; };
		6B9A62321935D4BF0026ADCC /* PaperCanasView.m in Sources */ = {isa = PBXBuildFile; fileRef = 6B9A62311935D4BF0026ADCC /* PaperCanasView.m */; };
		6B9A62381935D5FA0026ADCC /* ClothCanvasView.m in Sources */ = {isa = PBXBuildFile; fileRef = 6B9A62371935D5FA0026ADCC /* ClothCanvasView.m */; };
		6B9A623E1935D79C0026ADCC /* CanvasViewController.m in Sources */ = {isa = PBXBuildFile; fileRef = 6B9A623C1935D79C0026ADCC /* CanvasViewController.m */; };
		6B9A623F1935D79C0026ADCC /* CanvasViewController.xib in Resources */ = {isa = PBXBuildFile; fileRef = 6B9A623D1935D79C0026ADCC /* CanvasViewController.xib */; };
		6B9A624B1935DA1F0026ADCC /* background_texture.png in Resources */ = {isa = PBXBuildFile; fileRef = 6B9A62421935DA1F0026ADCC /* background_texture.png */; };
		6B9A624C1935DA1F0026ADCC /* large_dot.png in Resources */ = {isa = PBXBuildFile; fileRef = 6B9A62431935DA1F0026ADCC /* large_dot.png */; };
		6B9A624D1935DA1F0026ADCC /* open.png in Resources */ = {isa = PBXBuildFile; fileRef = 6B9A62441935DA1F0026ADCC /* open.png */; };
		6B9A624E1935DA1F0026ADCC /* palette.png in Resources */ = {isa = PBXBuildFile; fileRef = 6B9A62451935DA1F0026ADCC /* palette.png */; };
		6B9A624F1935DA1F0026ADCC /* placeholder.png in Resources */ = {isa = PBXBuildFile; fileRef = 6B9A62461935DA1F0026ADCC /* placeholder.png */; };
		6B9A62501935DA1F0026ADCC /* redo.png in Resources */ = {isa = PBXBuildFile; fileRef = 6B9A62471935DA1F0026ADCC /* redo.png */; };
		6B9A62511935DA1F0026ADCC /* save.png in Resources */ = {isa = PBXBuildFile; fileRef = 6B9A62481935DA1F0026ADCC /* save.png */; };
		6B9A62521935DA1F0026ADCC /* small_dot.png in Resources */ = {isa = PBXBuildFile; fileRef = 6B9A62491935DA1F0026ADCC /* small_dot.png */; };
		6B9A62531935DA1F0026ADCC /* undo.png in Resources */ = {isa = PBXBuildFile; fileRef = 6B9A624A1935DA1F0026ADCC /* undo.png */; };
/* End PBXBuildFile section */

/* Begin PBXContainerItemProxy section */
		6B0DAE3F19304C290094FD87 /* PBXContainerItemProxy */ = {
			isa = PBXContainerItemProxy;
			containerPortal = 6B0DAE1719304C280094FD87 /* Project object */;
			proxyType = 1;
			remoteGlobalIDString = 6B0DAE1E19304C280094FD87;
			remoteInfo = TouchPainter;
		};
/* End PBXContainerItemProxy section */

/* Begin PBXFileReference section */
		6B00401419305C3300522267 /* Vertex.h */ = {isa = PBXFileReference; fileEncoding = 4; lastKnownFileType = sourcecode.c.h; name = Vertex.h; path = TouchPainter/Vertex.h; sourceTree = "<group>"; };
		6B00401519305C3300522267 /* Vertex.m */ = {isa = PBXFileReference; fileEncoding = 4; lastKnownFileType = sourcecode.c.objc; name = Vertex.m; path = TouchPainter/Vertex.m; sourceTree = "<group>"; };
		6B00401719305FA500522267 /* Dot.h */ = {isa = PBXFileReference; fileEncoding = 4; lastKnownFileType = sourcecode.c.h; name = Dot.h; path = TouchPainter/Dot.h; sourceTree = "<group>"; };
		6B00401819305FA500522267 /* Dot.m */ = {isa = PBXFileReference; fileEncoding = 4; lastKnownFileType = sourcecode.c.objc; name = Dot.m; path = TouchPainter/Dot.m; sourceTree = "<group>"; };
		6B00401A193062FB00522267 /* Stroke.h */ = {isa = PBXFileReference; fileEncoding = 4; lastKnownFileType = sourcecode.c.h; name = Stroke.h; path = TouchPainter/Stroke.h; sourceTree = "<group>"; };
		6B00401B193062FB00522267 /* Stroke.m */ = {isa = PBXFileReference; fileEncoding = 4; lastKnownFileType = sourcecode.c.objc; name = Stroke.m; path = TouchPainter/Stroke.m; sourceTree = "<group>"; };
		6B00401D193068E600522267 /* CanvasView.h */ = {isa = PBXFileReference; fileEncoding = 4; lastKnownFileType = sourcecode.c.h; name = CanvasView.h; path = TouchPainter/CanvasView.h; sourceTree = "<group>"; };
		6B00401E193068E600522267 /* CanvasView.m */ = {isa = PBXFileReference; fileEncoding = 4; lastKnownFileType = sourcecode.c.objc; name = CanvasView.m; path = TouchPainter/CanvasView.m; sourceTree = "<group>"; };
		6B00402019306A9D00522267 /* MarkVisitor.h */ = {isa = PBXFileReference; fileEncoding = 4; lastKnownFileType = sourcecode.c.h; path = MarkVisitor.h; sourceTree = "<group>"; };
		6B00402119306B5000522267 /* MarkRenderer.h */ = {isa = PBXFileReference; fileEncoding = 4; lastKnownFileType = sourcecode.c.h; path = MarkRenderer.h; sourceTree = "<group>"; };
		6B00402219306B5000522267 /* MarkRenderer.m */ = {isa = PBXFileReference; fileEncoding = 4; lastKnownFileType = sourcecode.c.objc; path = MarkRenderer.m; sourceTree = "<group>"; };
		6B004027193083C300522267 /* MarkEnumerator.h */ = {isa = PBXFileReference; fileEncoding = 4; lastKnownFileType = sourcecode.c.h; path = MarkEnumerator.h; sourceTree = "<group>"; };
		6B004028193083C300522267 /* MarkEnumerator.m */ = {isa = PBXFileReference; fileEncoding = 4; lastKnownFileType = sourcecode.c.objc; path = MarkEnumerator.m; sourceTree = "<group>"; };
		6B00402D193084D200522267 /* MarkEnumerator_Internal.h */ = {isa = PBXFileReference; lastKnownFileType = sourcecode.c.h; path = MarkEnumerator_Internal.h; sourceTree = "<group>"; };
		6B004030193085D700522267 /* NSMutableArray+Stack.h */ = {isa = PBXFileReference; fileEncoding = 4; lastKnownFileType = sourcecode.c.h; path = "NSMutableArray+Stack.h"; sourceTree = "<group>"; };
		6B004031193085D700522267 /* NSMutableArray+Stack.m */ = {isa = PBXFileReference; fileEncoding = 4; lastKnownFileType = sourcecode.c.objc; path = "NSMutableArray+Stack.m"; sourceTree = "<group>"; };
		6B0DAE1F19304C280094FD87 /* TouchPainter.app */ = {isa = PBXFileReference; explicitFileType = wrapper.application; includeInIndex = 0; path = TouchPainter.app; sourceTree = BUILT_PRODUCTS_DIR; };
		6B0DAE2219304C280094FD87 /* Foundation.framework */ = {isa = PBXFileReference; lastKnownFileType = wrapper.framework; name = Foundation.framework; path = System/Library/Frameworks/Foundation.framework; sourceTree = SDKROOT; };
		6B0DAE2419304C280094FD87 /* CoreGraphics.framework */ = {isa = PBXFileReference; lastKnownFileType = wrapper.framework; name = CoreGraphics.framework; path = System/Library/Frameworks/CoreGraphics.framework; sourceTree = SDKROOT; };
		6B0DAE2619304C280094FD87 /* UIKit.framework */ = {isa = PBXFileReference; lastKnownFileType = wrapper.framework; name = UIKit.framework; path = System/Library/Frameworks/UIKit.framework; sourceTree = SDKROOT; };
		6B0DAE2A19304C280094FD87 /* TouchPainter-Info.plist */ = {isa = PBXFileReference; lastKnownFileType = text.plist.xml; path = "TouchPainter-Info.plist"; sourceTree = "<group>"; };
		6B0DAE2C19304C280094FD87 /* en */ = {isa = PBXFileReference; lastKnownFileType = text.plist.strings; name = en; path = en.lproj/InfoPlist.strings; sourceTree = "<group>"; };
		6B0DAE2E19304C280094FD87 /* main.m */ = {isa = PBXFileReference; lastKnownFileType = sourcecode.c.objc; path = main.m; sourceTree = "<group>"; };
		6B0DAE3019304C280094FD87 /* TouchPainter-Prefix.pch */ = {isa = PBXFileReference; lastKnownFileType = sourcecode.c.h; path = "TouchPainter-Prefix.pch"; sourceTree = "<group>"; };
		6B0DAE3119304C280094FD87 /* AppDelegate.h */ = {isa = PBXFileReference; lastKnownFileType = sourcecode.c.h; path = AppDelegate.h; sourceTree = "<group>"; };
		6B0DAE3219304C280094FD87 /* AppDelegate.m */ = {isa = PBXFileReference; lastKnownFileType = sourcecode.c.objc; path = AppDelegate.m; sourceTree = "<group>"; };
		6B0DAE3419304C280094FD87 /* Images.xcassets */ = {isa = PBXFileReference; lastKnownFileType = folder.assetcatalog; path = Images.xcassets; sourceTree = "<group>"; };
		6B0DAE3A19304C290094FD87 /* TouchPainterTests.xctest */ = {isa = PBXFileReference; explicitFileType = wrapper.cfbundle; includeInIndex = 0; path = TouchPainterTests.xctest; sourceTree = BUILT_PRODUCTS_DIR; };
		6B0DAE3B19304C290094FD87 /* XCTest.framework */ = {isa = PBXFileReference; lastKnownFileType = wrapper.framework; name = XCTest.framework; path = Library/Frameworks/XCTest.framework; sourceTree = DEVELOPER_DIR; };
		6B0DAE4319304C290094FD87 /* TouchPainterTests-Info.plist */ = {isa = PBXFileReference; lastKnownFileType = text.plist.xml; path = "TouchPainterTests-Info.plist"; sourceTree = "<group>"; };
		6B0DAE4519304C290094FD87 /* en */ = {isa = PBXFileReference; lastKnownFileType = text.plist.strings; name = en; path = en.lproj/InfoPlist.strings; sourceTree = "<group>"; };
		6B0DAE4719304C290094FD87 /* TouchPainterTests.m */ = {isa = PBXFileReference; lastKnownFileType = sourcecode.c.objc; path = TouchPainterTests.m; sourceTree = "<group>"; };
		6B0DAE511930582E0094FD87 /* Mark.h */ = {isa = PBXFileReference; fileEncoding = 4; lastKnownFileType = sourcecode.c.h; name = Mark.h; path = TouchPainter/Mark.h; sourceTree = "<group>"; };
		6B9A62301935D4BF0026ADCC /* PaperCanasView.h */ = {isa = PBXFileReference; fileEncoding = 4; lastKnownFileType = sourcecode.c.h; path = PaperCanasView.h; sourceTree = "<group>"; };
		6B9A62311935D4BF0026ADCC /* PaperCanasView.m */ = {isa = PBXFileReference; fileEncoding = 4; lastKnownFileType = sourcecode.c.objc; path = PaperCanasView.m; sourceTree = "<group>"; };
		6B9A62361935D5FA0026ADCC /* ClothCanvasView.h */ = {isa = PBXFileReference; fileEncoding = 4; lastKnownFileType = sourcecode.c.h; path = ClothCanvasView.h; sourceTree = "<group>"; };
		6B9A62371935D5FA0026ADCC /* ClothCanvasView.m */ = {isa = PBXFileReference; fileEncoding = 4; lastKnownFileType = sourcecode.c.objc; path = ClothCanvasView.m; sourceTree = "<group>"; };
		6B9A623B1935D79C0026ADCC /* CanvasViewController.h */ = {isa = PBXFileReference; fileEncoding = 4; lastKnownFileType = sourcecode.c.h; path = CanvasViewController.h; sourceTree = "<group>"; };
		6B9A623C1935D79C0026ADCC /* CanvasViewController.m */ = {isa = PBXFileReference; fileEncoding = 4; lastKnownFileType = sourcecode.c.objc; path = CanvasViewController.m; sourceTree = "<group>"; };
		6B9A623D1935D79C0026ADCC /* CanvasViewController.xib */ = {isa = PBXFileReference; fileEncoding = 4; lastKnownFileType = file.xib; path = CanvasViewController.xib; sourceTree = "<group>"; };
		6B9A62421935DA1F0026ADCC /* background_texture.png */ = {isa = PBXFileReference; lastKnownFileType = image.png; path = background_texture.png; sourceTree = "<group>"; };
		6B9A62431935DA1F0026ADCC /* large_dot.png */ = {isa = PBXFileReference; lastKnownFileType = image.png; path = large_dot.png; sourceTree = "<group>"; };
		6B9A62441935DA1F0026ADCC /* open.png */ = {isa = PBXFileReference; lastKnownFileType = image.png; path = open.png; sourceTree = "<group>"; };
		6B9A62451935DA1F0026ADCC /* palette.png */ = {isa = PBXFileReference; lastKnownFileType = image.png; path = palette.png; sourceTree = "<group>"; };
		6B9A62461935DA1F0026ADCC /* placeholder.png */ = {isa = PBXFileReference; lastKnownFileType = image.png; path = placeholder.png; sourceTree = "<group>"; };
		6B9A62471935DA1F0026ADCC /* redo.png */ = {isa = PBXFileReference; lastKnownFileType = image.png; path = redo.png; sourceTree = "<group>"; };
		6B9A62481935DA1F0026ADCC /* save.png */ = {isa = PBXFileReference; lastKnownFileType = image.png; path = save.png; sourceTree = "<group>"; };
		6B9A62491935DA1F0026ADCC /* small_dot.png */ = {isa = PBXFileReference; lastKnownFileType = image.png; path = small_dot.png; sourceTree = "<group>"; };
		6B9A624A1935DA1F0026ADCC /* undo.png */ = {isa = PBXFileReference; lastKnownFileType = image.png; path = undo.png; sourceTree = "<group>"; };
/* End PBXFileReference section */

/* Begin PBXFrameworksBuildPhase section */
		6B0DAE1C19304C280094FD87 /* Frameworks */ = {
			isa = PBXFrameworksBuildPhase;
			buildActionMask = 2147483647;
			files = (
				6B0DAE2519304C280094FD87 /* CoreGraphics.framework in Frameworks */,
				6B0DAE2719304C280094FD87 /* UIKit.framework in Frameworks */,
				6B0DAE2319304C280094FD87 /* Foundation.framework in Frameworks */,
			);
			runOnlyForDeploymentPostprocessing = 0;
		};
		6B0DAE3719304C290094FD87 /* Frameworks */ = {
			isa = PBXFrameworksBuildPhase;
			buildActionMask = 2147483647;
			files = (
				6B0DAE3C19304C290094FD87 /* XCTest.framework in Frameworks */,
				6B0DAE3E19304C290094FD87 /* UIKit.framework in Frameworks */,
				6B0DAE3D19304C290094FD87 /* Foundation.framework in Frameworks */,
			);
			runOnlyForDeploymentPostprocessing = 0;
		};
/* End PBXFrameworksBuildPhase section */

/* Begin PBXGroup section */
		6B004024193076A700522267 /* Classes */ = {
			isa = PBXGroup;
			children = (
				6B9A62391935D74E0026ADCC /* View Controllers */,
				6B0040331930917300522267 /* Views */,
				6B00402E193085A600522267 /* Utilties */,
				6B0040261930834200522267 /* Iterator */,
				6B004025193076B000522267 /* Composite Prototype Iterator */,
			);
			name = Classes;
			sourceTree = "<group>";
		};
		6B004025193076B000522267 /* Composite Prototype Iterator */ = {
			isa = PBXGroup;
			children = (
				6B00401419305C3300522267 /* Vertex.h */,
				6B00401519305C3300522267 /* Vertex.m */,
				6B00401719305FA500522267 /* Dot.h */,
				6B00401819305FA500522267 /* Dot.m */,
				6B00401A193062FB00522267 /* Stroke.h */,
				6B00401B193062FB00522267 /* Stroke.m */,
				6B0DAE511930582E0094FD87 /* Mark.h */,
			);
			name = "Composite Prototype Iterator";
			sourceTree = "<group>";
		};
		6B0040261930834200522267 /* Iterator */ = {
			isa = PBXGroup;
			children = (
				6B004027193083C300522267 /* MarkEnumerator.h */,
				6B004028193083C300522267 /* MarkEnumerator.m */,
				6B00402D193084D200522267 /* MarkEnumerator_Internal.h */,
			);
			name = Iterator;
			sourceTree = "<group>";
		};
		6B00402E193085A600522267 /* Utilties */ = {
			isa = PBXGroup;
			children = (
				6B00402F193085B900522267 /* Custom Stack */,
			);
			name = Utilties;
			sourceTree = "<group>";
		};
		6B00402F193085B900522267 /* Custom Stack */ = {
			isa = PBXGroup;
			children = (
				6B004030193085D700522267 /* NSMutableArray+Stack.h */,
				6B004031193085D700522267 /* NSMutableArray+Stack.m */,
			);
			name = "Custom Stack";
			sourceTree = "<group>";
		};
		6B0040331930917300522267 /* Views */ = {
			isa = PBXGroup;
			children = (
				6B00401D193068E600522267 /* CanvasView.h */,
				6B00401E193068E600522267 /* CanvasView.m */,
				6B9A62301935D4BF0026ADCC /* PaperCanasView.h */,
				6B9A62311935D4BF0026ADCC /* PaperCanasView.m */,
				6B9A62361935D5FA0026ADCC /* ClothCanvasView.h */,
				6B9A62371935D5FA0026ADCC /* ClothCanvasView.m */,
			);
			name = Views;
			sourceTree = "<group>";
		};
		6B0DAE1619304C280094FD87 = {
			isa = PBXGroup;
			children = (
				6B9A62401935DA1F0026ADCC /* Resources */,
				6B004024193076A700522267 /* Classes */,
				6B0DAE2819304C280094FD87 /* TouchPainter */,
				6B0DAE4119304C290094FD87 /* TouchPainterTests */,
				6B0DAE2119304C280094FD87 /* Frameworks */,
				6B0DAE2019304C280094FD87 /* Products */,
			);
			sourceTree = "<group>";
		};
		6B0DAE2019304C280094FD87 /* Products */ = {
			isa = PBXGroup;
			children = (
				6B0DAE1F19304C280094FD87 /* TouchPainter.app */,
				6B0DAE3A19304C290094FD87 /* TouchPainterTests.xctest */,
			);
			name = Products;
			sourceTree = "<group>";
		};
		6B0DAE2119304C280094FD87 /* Frameworks */ = {
			isa = PBXGroup;
			children = (
				6B0DAE2219304C280094FD87 /* Foundation.framework */,
				6B0DAE2419304C280094FD87 /* CoreGraphics.framework */,
				6B0DAE2619304C280094FD87 /* UIKit.framework */,
				6B0DAE3B19304C290094FD87 /* XCTest.framework */,
			);
			name = Frameworks;
			sourceTree = "<group>";
		};
		6B0DAE2819304C280094FD87 /* TouchPainter */ = {
			isa = PBXGroup;
			children = (
				6B0DAE3119304C280094FD87 /* AppDelegate.h */,
				6B0DAE3219304C280094FD87 /* AppDelegate.m */,
				6B0DAE3419304C280094FD87 /* Images.xcassets */,
				6B0DAE2919304C280094FD87 /* Supporting Files */,
				6B00402019306A9D00522267 /* MarkVisitor.h */,
				6B00402119306B5000522267 /* MarkRenderer.h */,
				6B00402219306B5000522267 /* MarkRenderer.m */,
			);
			path = TouchPainter;
			sourceTree = "<group>";
		};
		6B0DAE2919304C280094FD87 /* Supporting Files */ = {
			isa = PBXGroup;
			children = (
				6B0DAE2A19304C280094FD87 /* TouchPainter-Info.plist */,
				6B0DAE2B19304C280094FD87 /* InfoPlist.strings */,
				6B0DAE2E19304C280094FD87 /* main.m */,
				6B0DAE3019304C280094FD87 /* TouchPainter-Prefix.pch */,
			);
			name = "Supporting Files";
			sourceTree = "<group>";
		};
		6B0DAE4119304C290094FD87 /* TouchPainterTests */ = {
			isa = PBXGroup;
			children = (
				6B0DAE4719304C290094FD87 /* TouchPainterTests.m */,
				6B0DAE4219304C290094FD87 /* Supporting Files */,
			);
			path = TouchPainterTests;
			sourceTree = "<group>";
		};
		6B0DAE4219304C290094FD87 /* Supporting Files */ = {
			isa = PBXGroup;
			children = (
				6B0DAE4319304C290094FD87 /* TouchPainterTests-Info.plist */,
				6B0DAE4419304C290094FD87 /* InfoPlist.strings */,
			);
			name = "Supporting Files";
			sourceTree = "<group>";
		};
		6B9A62391935D74E0026ADCC /* View Controllers */ = {
			isa = PBXGroup;
			children = (
				6B9A623A1935D75C0026ADCC /* CanvasViewControllers */,
			);
			name = "View Controllers";
			sourceTree = "<group>";
		};
		6B9A623A1935D75C0026ADCC /* CanvasViewControllers */ = {
			isa = PBXGroup;
			children = (
				6B9A623B1935D79C0026ADCC /* CanvasViewController.h */,
				6B9A623C1935D79C0026ADCC /* CanvasViewController.m */,
				6B9A623D1935D79C0026ADCC /* CanvasViewController.xib */,
			);
			name = CanvasViewControllers;
			sourceTree = "<group>";
		};
		6B9A62401935DA1F0026ADCC /* Resources */ = {
			isa = PBXGroup;
			children = (
				6B9A62411935DA1F0026ADCC /* Images */,
			);
			path = Resources;
			sourceTree = "<group>";
		};
		6B9A62411935DA1F0026ADCC /* Images */ = {
			isa = PBXGroup;
			children = (
				6B9A62421935DA1F0026ADCC /* background_texture.png */,
				6B9A62431935DA1F0026ADCC /* large_dot.png */,
				6B9A62441935DA1F0026ADCC /* open.png */,
				6B9A62451935DA1F0026ADCC /* palette.png */,
				6B9A62461935DA1F0026ADCC /* placeholder.png */,
				6B9A62471935DA1F0026ADCC /* redo.png */,
				6B9A62481935DA1F0026ADCC /* save.png */,
				6B9A62491935DA1F0026ADCC /* small_dot.png */,
				6B9A624A1935DA1F0026ADCC /* undo.png */,
			);
			path = Images;
			sourceTree = "<group>";
		};
/* End PBXGroup section */

/* Begin PBXNativeTarget section */
		6B0DAE1E19304C280094FD87 /* TouchPainter */ = {
			isa = PBXNativeTarget;
			buildConfigurationList = 6B0DAE4B19304C290094FD87 /* Build configuration list for PBXNativeTarget "TouchPainter" */;
			buildPhases = (
				6B0DAE1B19304C280094FD87 /* Sources */,
				6B0DAE1C19304C280094FD87 /* Frameworks */,
				6B0DAE1D19304C280094FD87 /* Resources */,
			);
			buildRules = (
			);
			dependencies = (
			);
			name = TouchPainter;
			productName = TouchPainter;
			productReference = 6B0DAE1F19304C280094FD87 /* TouchPainter.app */;
			productType = "com.apple.product-type.application";
		};
		6B0DAE3919304C290094FD87 /* TouchPainterTests */ = {
			isa = PBXNativeTarget;
			buildConfigurationList = 6B0DAE4E19304C290094FD87 /* Build configuration list for PBXNativeTarget "TouchPainterTests" */;
			buildPhases = (
				6B0DAE3619304C290094FD87 /* Sources */,
				6B0DAE3719304C290094FD87 /* Frameworks */,
				6B0DAE3819304C290094FD87 /* Resources */,
			);
			buildRules = (
			);
			dependencies = (
				6B0DAE4019304C290094FD87 /* PBXTargetDependency */,
			);
			name = TouchPainterTests;
			productName = TouchPainterTests;
			productReference = 6B0DAE3A19304C290094FD87 /* TouchPainterTests.xctest */;
			productType = "com.apple.product-type.bundle.unit-test";
		};
/* End PBXNativeTarget section */

/* Begin PBXProject section */
		6B0DAE1719304C280094FD87 /* Project object */ = {
			isa = PBXProject;
			attributes = {
				LastUpgradeCheck = 0510;
				ORGANIZATIONNAME = "常家帅";
				TargetAttributes = {
					6B0DAE3919304C290094FD87 = {
						TestTargetID = 6B0DAE1E19304C280094FD87;
					};
				};
			};
			buildConfigurationList = 6B0DAE1A19304C280094FD87 /* Build configuration list for PBXProject "TouchPainter" */;
			compatibilityVersion = "Xcode 3.2";
			developmentRegion = English;
			hasScannedForEncodings = 0;
			knownRegions = (
				en,
			);
			mainGroup = 6B0DAE1619304C280094FD87;
			productRefGroup = 6B0DAE2019304C280094FD87 /* Products */;
			projectDirPath = "";
			projectRoot = "";
			targets = (
				6B0DAE1E19304C280094FD87 /* TouchPainter */,
				6B0DAE3919304C290094FD87 /* TouchPainterTests */,
			);
		};
/* End PBXProject section */

/* Begin PBXResourcesBuildPhase section */
		6B0DAE1D19304C280094FD87 /* Resources */ = {
			isa = PBXResourcesBuildPhase;
			buildActionMask = 2147483647;
			files = (
				6B9A624E1935DA1F0026ADCC /* palette.png in Resources */,
				6B9A623F1935D79C0026ADCC /* CanvasViewController.xib in Resources */,
				6B9A62501935DA1F0026ADCC /* redo.png in Resources */,
				6B9A624B1935DA1F0026ADCC /* background_texture.png in Resources */,
				6B0DAE2D19304C280094FD87 /* InfoPlist.strings in Resources */,
				6B9A62531935DA1F0026ADCC /* undo.png in Resources */,
				6B9A624C1935DA1F0026ADCC /* large_dot.png in Resources */,
				6B9A62521935DA1F0026ADCC /* small_dot.png in Resources */,
				6B9A62511935DA1F0026ADCC /* save.png in Resources */,
				6B9A624F1935DA1F0026ADCC /* placeholder.png in Resources */,
				6B0DAE3519304C280094FD87 /* Images.xcassets in Resources */,
				6B9A624D1935DA1F0026ADCC /* open.png in Resources */,
			);
			runOnlyForDeploymentPostprocessing = 0;
		};
		6B0DAE3819304C290094FD87 /* Resources */ = {
			isa = PBXResourcesBuildPhase;
			buildActionMask = 2147483647;
			files = (
				6B0DAE4619304C290094FD87 /* InfoPlist.strings in Resources */,
			);
			runOnlyForDeploymentPostprocessing = 0;
		};
/* End PBXResourcesBuildPhase section */

/* Begin PBXSourcesBuildPhase section */
		6B0DAE1B19304C280094FD87 /* Sources */ = {
			isa = PBXSourcesBuildPhase;
			buildActionMask = 2147483647;
			files = (
				6B9A62321935D4BF0026ADCC /* PaperCanasView.m in Sources */,
				6B004032193085D700522267 /* NSMutableArray+Stack.m in Sources */,
				6B004029193083C300522267 /* MarkEnumerator.m in Sources */,
				6B0DAE3319304C280094FD87 /* AppDelegate.m in Sources */,
				6B00401C193062FB00522267 /* Stroke.m in Sources */,
				6B00402319306B5000522267 /* MarkRenderer.m in Sources */,
				6B00401619305C3300522267 /* Vertex.m in Sources */,
				6B0DAE2F19304C280094FD87 /* main.m in Sources */,
				6B9A623E1935D79C0026ADCC /* CanvasViewController.m in Sources */,
				6B9A62381935D5FA0026ADCC /* ClothCanvasView.m in Sources */,
				6B00401919305FA500522267 /* Dot.m in Sources */,
				6B00401F193068E600522267 /* CanvasView.m in Sources */,
			);
			runOnlyForDeploymentPostprocessing = 0;
		};
		6B0DAE3619304C290094FD87 /* Sources */ = {
			isa = PBXSourcesBuildPhase;
			buildActionMask = 2147483647;
			files = (
				6B0DAE4819304C290094FD87 /* TouchPainterTests.m in Sources */,
			);
			runOnlyForDeploymentPostprocessing = 0;
		};
/* End PBXSourcesBuildPhase section */

/* Begin PBXTargetDependency section */
		6B0DAE4019304C290094FD87 /* PBXTargetDependency */ = {
			isa = PBXTargetDependency;
			target = 6B0DAE1E19304C280094FD87 /* TouchPainter */;
			targetProxy = 6B0DAE3F19304C290094FD87 /* PBXContainerItemProxy */;
		};
/* End PBXTargetDependency section */

/* Begin PBXVariantGroup section */
		6B0DAE2B19304C280094FD87 /* InfoPlist.strings */ = {
			isa = PBXVariantGroup;
			children = (
				6B0DAE2C19304C280094FD87 /* en */,
			);
			name = InfoPlist.strings;
			sourceTree = "<group>";
		};
		6B0DAE4419304C290094FD87 /* InfoPlist.strings */ = {
			isa = PBXVariantGroup;
			children = (
				6B0DAE4519304C290094FD87 /* en */,
			);
			name = InfoPlist.strings;
			sourceTree = "<group>";
		};
/* End PBXVariantGroup section */

/* Begin XCBuildConfiguration section */
		6B0DAE4919304C290094FD87 /* Debug */ = {
			isa = XCBuildConfiguration;
			buildSettings = {
				ALWAYS_SEARCH_USER_PATHS = NO;
				CLANG_CXX_LANGUAGE_STANDARD = "gnu++0x";
				CLANG_CXX_LIBRARY = "libc++";
				CLANG_ENABLE_MODULES = YES;
				CLANG_ENABLE_OBJC_ARC = YES;
				CLANG_WARN_BOOL_CONVERSION = YES;
				CLANG_WARN_CONSTANT_CONVERSION = YES;
				CLANG_WARN_DIRECT_OBJC_ISA_USAGE = YES_ERROR;
				CLANG_WARN_EMPTY_BODY = YES;
				CLANG_WARN_ENUM_CONVERSION = YES;
				CLANG_WARN_INT_CONVERSION = YES;
				CLANG_WARN_OBJC_ROOT_CLASS = YES_ERROR;
				CLANG_WARN__DUPLICATE_METHOD_MATCH = YES;
				"CODE_SIGN_IDENTITY[sdk=iphoneos*]" = "iPhone Developer";
				COPY_PHASE_STRIP = NO;
				GCC_C_LANGUAGE_STANDARD = gnu99;
				GCC_DYNAMIC_NO_PIC = NO;
				GCC_OPTIMIZATION_LEVEL = 0;
				GCC_PREPROCESSOR_DEFINITIONS = (
					"DEBUG=1",
					"$(inherited)",
				);
				GCC_SYMBOLS_PRIVATE_EXTERN = NO;
				GCC_WARN_64_TO_32_BIT_CONVERSION = YES;
				GCC_WARN_ABOUT_RETURN_TYPE = YES_ERROR;
				GCC_WARN_UNDECLARED_SELECTOR = YES;
				GCC_WARN_UNINITIALIZED_AUTOS = YES_AGGRESSIVE;
				GCC_WARN_UNUSED_FUNCTION = YES;
				GCC_WARN_UNUSED_VARIABLE = YES;
				IPHONEOS_DEPLOYMENT_TARGET = 7.1;
				ONLY_ACTIVE_ARCH = YES;
				SDKROOT = iphoneos;
			};
			name = Debug;
		};
		6B0DAE4A19304C290094FD87 /* Release */ = {
			isa = XCBuildConfiguration;
			buildSettings = {
				ALWAYS_SEARCH_USER_PATHS = NO;
				CLANG_CXX_LANGUAGE_STANDARD = "gnu++0x";
				CLANG_CXX_LIBRARY = "libc++";
				CLANG_ENABLE_MODULES = YES;
				CLANG_ENABLE_OBJC_ARC = YES;
				CLANG_WARN_BOOL_CONVERSION = YES;
				CLANG_WARN_CONSTANT_CONVERSION = YES;
				CLANG_WARN_DIRECT_OBJC_ISA_USAGE = YES_ERROR;
				CLANG_WARN_EMPTY_BODY = YES;
				CLANG_WARN_ENUM_CONVERSION = YES;
				CLANG_WARN_INT_CONVERSION = YES;
				CLANG_WARN_OBJC_ROOT_CLASS = YES_ERROR;
				CLANG_WARN__DUPLICATE_METHOD_MATCH = YES;
				"CODE_SIGN_IDENTITY[sdk=iphoneos*]" = "iPhone Developer";
				COPY_PHASE_STRIP = YES;
				ENABLE_NS_ASSERTIONS = NO;
				GCC_C_LANGUAGE_STANDARD = gnu99;
				GCC_WARN_64_TO_32_BIT_CONVERSION = YES;
				GCC_WARN_ABOUT_RETURN_TYPE = YES_ERROR;
				GCC_WARN_UNDECLARED_SELECTOR = YES;
				GCC_WARN_UNINITIALIZED_AUTOS = YES_AGGRESSIVE;
				GCC_WARN_UNUSED_FUNCTION = YES;
				GCC_WARN_UNUSED_VARIABLE = YES;
				IPHONEOS_DEPLOYMENT_TARGET = 7.1;
				SDKROOT = iphoneos;
				VALIDATE_PRODUCT = YES;
			};
			name = Release;
		};
		6B0DAE4C19304C290094FD87 /* Debug */ = {
			isa = XCBuildConfiguration;
			buildSettings = {
				ASSETCATALOG_COMPILER_APPICON_NAME = AppIcon;
				ASSETCATALOG_COMPILER_LAUNCHIMAGE_NAME = LaunchImage;
				GCC_PRECOMPILE_PREFIX_HEADER = YES;
				GCC_PREFIX_HEADER = "TouchPainter/TouchPainter-Prefix.pch";
				INFOPLIST_FILE = "TouchPainter/TouchPainter-Info.plist";
				PRODUCT_NAME = "$(TARGET_NAME)";
				WRAPPER_EXTENSION = app;
			};
			name = Debug;
		};
		6B0DAE4D19304C290094FD87 /* Release */ = {
			isa = XCBuildConfiguration;
			buildSettings = {
				ASSETCATALOG_COMPILER_APPICON_NAME = AppIcon;
				ASSETCATALOG_COMPILER_LAUNCHIMAGE_NAME = LaunchImage;
				GCC_PRECOMPILE_PREFIX_HEADER = YES;
				GCC_PREFIX_HEADER = "TouchPainter/TouchPainter-Prefix.pch";
				INFOPLIST_FILE = "TouchPainter/TouchPainter-Info.plist";
				PRODUCT_NAME = "$(TARGET_NAME)";
				WRAPPER_EXTENSION = app;
			};
			name = Release;
		};
		6B0DAE4F19304C290094FD87 /* Debug */ = {
			isa = XCBuildConfiguration;
			buildSettings = {
				BUNDLE_LOADER = "$(BUILT_PRODUCTS_DIR)/TouchPainter.app/TouchPainter";
				FRAMEWORK_SEARCH_PATHS = (
					"$(SDKROOT)/Developer/Library/Frameworks",
					"$(inherited)",
					"$(DEVELOPER_FRAMEWORKS_DIR)",
				);
				GCC_PRECOMPILE_PREFIX_HEADER = YES;
				GCC_PREFIX_HEADER = "TouchPainter/TouchPainter-Prefix.pch";
				GCC_PREPROCESSOR_DEFINITIONS = (
					"DEBUG=1",
					"$(inherited)",
				);
				INFOPLIST_FILE = "TouchPainterTests/TouchPainterTests-Info.plist";
				PRODUCT_NAME = "$(TARGET_NAME)";
				TEST_HOST = "$(BUNDLE_LOADER)";
				WRAPPER_EXTENSION = xctest;
			};
			name = Debug;
		};
		6B0DAE5019304C290094FD87 /* Release */ = {
			isa = XCBuildConfiguration;
			buildSettings = {
				BUNDLE_LOADER = "$(BUILT_PRODUCTS_DIR)/TouchPainter.app/TouchPainter";
				FRAMEWORK_SEARCH_PATHS = (
					"$(SDKROOT)/Developer/Library/Frameworks",
					"$(inherited)",
					"$(DEVELOPER_FRAMEWORKS_DIR)",
				);
				GCC_PRECOMPILE_PREFIX_HEADER = YES;
				GCC_PREFIX_HEADER = "TouchPainter/TouchPainter-Prefix.pch";
				INFOPLIST_FILE = "TouchPainterTests/TouchPainterTests-Info.plist";
				PRODUCT_NAME = "$(TARGET_NAME)";
				TEST_HOST = "$(BUNDLE_LOADER)";
				WRAPPER_EXTENSION = xctest;
			};
			name = Release;
		};
/* End XCBuildConfiguration section */

/* Begin XCConfigurationList section */
		6B0DAE1A19304C280094FD87 /* Build configuration list for PBXProject "TouchPainter" */ = {
			isa = XCConfigurationList;
			buildConfigurations = (
				6B0DAE4919304C290094FD87 /* Debug */,
				6B0DAE4A19304C290094FD87 /* Release */,
			);
			defaultConfigurationIsVisible = 0;
			defaultConfigurationName = Release;
		};
		6B0DAE4B19304C290094FD87 /* Build configuration list for PBXNativeTarget "TouchPainter" */ = {
			isa = XCConfigurationList;
			buildConfigurations = (
				6B0DAE4C19304C290094FD87 /* Debug */,
				6B0DAE4D19304C290094FD87 /* Release */,
			);
			defaultConfigurationIsVisible = 0;
			defaultConfigurationName = Release;
		};
		6B0DAE4E19304C290094FD87 /* Build configuration list for PBXNativeTarget "TouchPainterTests" */ = {
			isa = XCConfigurationList;
			buildConfigurations = (
				6B0DAE4F19304C290094FD87 /* Debug */,
				6B0DAE5019304C290094FD87 /* Release */,
			);
			defaultConfigurationIsVisible = 0;
			defaultConfigurationName = Release;
		};
/* End XCConfigurationList section */
	};
	rootObject = 6B0DAE1719304C280094FD87 /* Project object */;
}
